
Microsoft Visual Studio Solution File, Format Version 12.00
# Visual Studio Version 17
VisualStudioVersion = 17.7.34009.444
MinimumVisualStudioVersion = 10.0.40219.1
Project("{FAE04EC0-301F-11D3-BF4B-00C04F79EFBC}") = "Department_Employee", "Department_Employee\Department_Employee.csproj", "{8B77C6CC-4479-4F8D-87AD-500674AB3795}"
EndProject
Global
	GlobalSection(SolutionConfigurationPlatforms) = preSolution
		Debug|Any CPU = Debug|Any CPU
		Release|Any CPU = Release|Any CPU
	EndGlobalSection
	GlobalSection(ProjectConfigurationPlatforms) = postSolution
		{8B77C6CC-4479-4F8D-87AD-500674AB3795}.Debug|Any CPU.ActiveCfg = Debug|Any CPU
		{8B77C6CC-4479-4F8D-87AD-500674AB3795}.Debug|Any CPU.Build.0 = Debug|Any CPU
		{8B77C6CC-4479-4F8D-87AD-500674AB3795}.Release|Any CPU.ActiveCfg = Release|Any CPU
		{8B77C6CC-4479-4F8D-87AD-500674AB3795}.Release|Any CPU.Build.0 = Release|Any CPU
	EndGlobalSection
	GlobalSection(SolutionProperties) = preSolution
		HideSolutionNode = FALSE
	EndGlobalSection
	GlobalSection(ExtensibilityGlobals) = postSolution
		SolutionGuid = {D9C786BA-4B63-4E3D-ADBA-95DDAC70F015}
	EndGlobalSection
EndGlobal
